// !$*UTF8*$!
{
	archiveVersion = 1;
	classes = {
	};
	objectVersion = 56;
	objects = {

/* Begin PBXBuildFile section */
		0EAA435E04D6A3039E30F6BB /* Pods_theNameGame_theNameGameUITests.framework in Frameworks */ = {isa = PBXBuildFile; fileRef = B34EF5D150CD7934FC035412 /* Pods_theNameGame_theNameGameUITests.framework */; };
		6F629886759F7D8885CE3489 /* Pods_theNameGameTests.framework in Frameworks */ = {isa = PBXBuildFile; fileRef = 9656FDFF735F66622019BF1D /* Pods_theNameGameTests.framework */; };
		73A7897B4A8B0ED5643E58F6 /* Pods_theNameGame.framework in Frameworks */ = {isa = PBXBuildFile; fileRef = 0E5795C62C8C0BAF4053D25F /* Pods_theNameGame.framework */; };
		D4D688172BB9F22A0023B852 /* AppDelegate.swift in Sources */ = {isa = PBXBuildFile; fileRef = D4D688162BB9F22A0023B852 /* AppDelegate.swift */; };
		D4D688192BB9F22A0023B852 /* SceneDelegate.swift in Sources */ = {isa = PBXBuildFile; fileRef = D4D688182BB9F22A0023B852 /* SceneDelegate.swift */; };
		D4D6881B2BB9F22A0023B852 /* HomeViewController.swift in Sources */ = {isa = PBXBuildFile; fileRef = D4D6881A2BB9F22A0023B852 /* HomeViewController.swift */; };
		D4D688202BB9F22C0023B852 /* Assets.xcassets in Resources */ = {isa = PBXBuildFile; fileRef = D4D6881F2BB9F22C0023B852 /* Assets.xcassets */; };
		D4D688232BB9F22C0023B852 /* Base in Resources */ = {isa = PBXBuildFile; fileRef = D4D688222BB9F22C0023B852 /* Base */; };
		D4D6882E2BB9F22D0023B852 /* theNameGameTests.swift in Sources */ = {isa = PBXBuildFile; fileRef = D4D6882D2BB9F22D0023B852 /* theNameGameTests.swift */; };
		D4D688382BB9F22D0023B852 /* theNameGameUITests.swift in Sources */ = {isa = PBXBuildFile; fileRef = D4D688372BB9F22D0023B852 /* theNameGameUITests.swift */; };
		D4D6883A2BB9F22D0023B852 /* theNameGameUITestsLaunchTests.swift in Sources */ = {isa = PBXBuildFile; fileRef = D4D688392BB9F22D0023B852 /* theNameGameUITestsLaunchTests.swift */; };
		D4D688492BB9F2BC0023B852 /* HomeView.swift in Sources */ = {isa = PBXBuildFile; fileRef = D4D688482BB9F2BC0023B852 /* HomeView.swift */; };
		D4EA35B82BBA1FEB0074B8CC /* GameViewController.swift in Sources */ = {isa = PBXBuildFile; fileRef = D4EA35B72BBA1FEB0074B8CC /* GameViewController.swift */; };
		D4EA35BA2BBA1FF30074B8CC /* GameViewModel.swift in Sources */ = {isa = PBXBuildFile; fileRef = D4EA35B92BBA1FF30074B8CC /* GameViewModel.swift */; };
		D4EA35BC2BBA1FFC0074B8CC /* GameView.swift in Sources */ = {isa = PBXBuildFile; fileRef = D4EA35BB2BBA1FFB0074B8CC /* GameView.swift */; };
		D4EA35BE2BBA20090074B8CC /* GameWorker.swift in Sources */ = {isa = PBXBuildFile; fileRef = D4EA35BD2BBA20090074B8CC /* GameWorker.swift */; };
		D4EA35C32BBB14060074B8CC /* Collaborators.swift in Sources */ = {isa = PBXBuildFile; fileRef = D4EA35C22BBB14060074B8CC /* Collaborators.swift */; };
/* End PBXBuildFile section */

/* Begin PBXContainerItemProxy section */
		D4D6882A2BB9F22C0023B852 /* PBXContainerItemProxy */ = {
			isa = PBXContainerItemProxy;
			containerPortal = D4D6880B2BB9F22A0023B852 /* Project object */;
			proxyType = 1;
			remoteGlobalIDString = D4D688122BB9F22A0023B852;
			remoteInfo = theNameGame;
		};
		D4D688342BB9F22D0023B852 /* PBXContainerItemProxy */ = {
			isa = PBXContainerItemProxy;
			containerPortal = D4D6880B2BB9F22A0023B852 /* Project object */;
			proxyType = 1;
			remoteGlobalIDString = D4D688122BB9F22A0023B852;
			remoteInfo = theNameGame;
		};
/* End PBXContainerItemProxy section */

/* Begin PBXFileReference section */
		0780542D2C021A106C6CF832 /* Pods-theNameGame-theNameGameUITests.release.xcconfig */ = {isa = PBXFileReference; includeInIndex = 1; lastKnownFileType = text.xcconfig; name = "Pods-theNameGame-theNameGameUITests.release.xcconfig"; path = "Target Support Files/Pods-theNameGame-theNameGameUITests/Pods-theNameGame-theNameGameUITests.release.xcconfig"; sourceTree = "<group>"; };
		0A83595E61124F10C1A3916D /* Pods-theNameGame.debug.xcconfig */ = {isa = PBXFileReference; includeInIndex = 1; lastKnownFileType = text.xcconfig; name = "Pods-theNameGame.debug.xcconfig"; path = "Target Support Files/Pods-theNameGame/Pods-theNameGame.debug.xcconfig"; sourceTree = "<group>"; };
		0E5795C62C8C0BAF4053D25F /* Pods_theNameGame.framework */ = {isa = PBXFileReference; explicitFileType = wrapper.framework; includeInIndex = 0; path = Pods_theNameGame.framework; sourceTree = BUILT_PRODUCTS_DIR; };
		18F9FDE9836CC91095748FB1 /* Pods-theNameGame.release.xcconfig */ = {isa = PBXFileReference; includeInIndex = 1; lastKnownFileType = text.xcconfig; name = "Pods-theNameGame.release.xcconfig"; path = "Target Support Files/Pods-theNameGame/Pods-theNameGame.release.xcconfig"; sourceTree = "<group>"; };
		4398BC9FF69520932DED5780 /* Pods-theNameGame-theNameGameUITests.debug.xcconfig */ = {isa = PBXFileReference; includeInIndex = 1; lastKnownFileType = text.xcconfig; name = "Pods-theNameGame-theNameGameUITests.debug.xcconfig"; path = "Target Support Files/Pods-theNameGame-theNameGameUITests/Pods-theNameGame-theNameGameUITests.debug.xcconfig"; sourceTree = "<group>"; };
		535CEF69EEEDDA73832ACF46 /* Pods-theNameGameTests.release.xcconfig */ = {isa = PBXFileReference; includeInIndex = 1; lastKnownFileType = text.xcconfig; name = "Pods-theNameGameTests.release.xcconfig"; path = "Target Support Files/Pods-theNameGameTests/Pods-theNameGameTests.release.xcconfig"; sourceTree = "<group>"; };
		5C23990DD1924DA2BD2BEF92 /* Pods-theNameGameTests.debug.xcconfig */ = {isa = PBXFileReference; includeInIndex = 1; lastKnownFileType = text.xcconfig; name = "Pods-theNameGameTests.debug.xcconfig"; path = "Target Support Files/Pods-theNameGameTests/Pods-theNameGameTests.debug.xcconfig"; sourceTree = "<group>"; };
		9656FDFF735F66622019BF1D /* Pods_theNameGameTests.framework */ = {isa = PBXFileReference; explicitFileType = wrapper.framework; includeInIndex = 0; path = Pods_theNameGameTests.framework; sourceTree = BUILT_PRODUCTS_DIR; };
		B34EF5D150CD7934FC035412 /* Pods_theNameGame_theNameGameUITests.framework */ = {isa = PBXFileReference; explicitFileType = wrapper.framework; includeInIndex = 0; path = Pods_theNameGame_theNameGameUITests.framework; sourceTree = BUILT_PRODUCTS_DIR; };
		D4D688132BB9F22A0023B852 /* theNameGame.app */ = {isa = PBXFileReference; explicitFileType = wrapper.application; includeInIndex = 0; path = theNameGame.app; sourceTree = BUILT_PRODUCTS_DIR; };
		D4D688162BB9F22A0023B852 /* AppDelegate.swift */ = {isa = PBXFileReference; lastKnownFileType = sourcecode.swift; path = AppDelegate.swift; sourceTree = "<group>"; };
		D4D688182BB9F22A0023B852 /* SceneDelegate.swift */ = {isa = PBXFileReference; lastKnownFileType = sourcecode.swift; path = SceneDelegate.swift; sourceTree = "<group>"; };
		D4D6881A2BB9F22A0023B852 /* HomeViewController.swift */ = {isa = PBXFileReference; lastKnownFileType = sourcecode.swift; path = HomeViewController.swift; sourceTree = "<group>"; };
		D4D6881F2BB9F22C0023B852 /* Assets.xcassets */ = {isa = PBXFileReference; lastKnownFileType = folder.assetcatalog; path = Assets.xcassets; sourceTree = "<group>"; };
		D4D688222BB9F22C0023B852 /* Base */ = {isa = PBXFileReference; lastKnownFileType = file.storyboard; name = Base; path = Base.lproj/LaunchScreen.storyboard; sourceTree = "<group>"; };
		D4D688242BB9F22C0023B852 /* Info.plist */ = {isa = PBXFileReference; lastKnownFileType = text.plist.xml; path = Info.plist; sourceTree = "<group>"; };
		D4D688292BB9F22C0023B852 /* theNameGameTests.xctest */ = {isa = PBXFileReference; explicitFileType = wrapper.cfbundle; includeInIndex = 0; path = theNameGameTests.xctest; sourceTree = BUILT_PRODUCTS_DIR; };
		D4D6882D2BB9F22D0023B852 /* theNameGameTests.swift */ = {isa = PBXFileReference; lastKnownFileType = sourcecode.swift; path = theNameGameTests.swift; sourceTree = "<group>"; };
		D4D688332BB9F22D0023B852 /* theNameGameUITests.xctest */ = {isa = PBXFileReference; explicitFileType = wrapper.cfbundle; includeInIndex = 0; path = theNameGameUITests.xctest; sourceTree = BUILT_PRODUCTS_DIR; };
		D4D688372BB9F22D0023B852 /* theNameGameUITests.swift */ = {isa = PBXFileReference; lastKnownFileType = sourcecode.swift; path = theNameGameUITests.swift; sourceTree = "<group>"; };
		D4D688392BB9F22D0023B852 /* theNameGameUITestsLaunchTests.swift */ = {isa = PBXFileReference; lastKnownFileType = sourcecode.swift; path = theNameGameUITestsLaunchTests.swift; sourceTree = "<group>"; };
		D4D688482BB9F2BC0023B852 /* HomeView.swift */ = {isa = PBXFileReference; lastKnownFileType = sourcecode.swift; path = HomeView.swift; sourceTree = "<group>"; };
		D4EA35B72BBA1FEB0074B8CC /* GameViewController.swift */ = {isa = PBXFileReference; lastKnownFileType = sourcecode.swift; path = GameViewController.swift; sourceTree = "<group>"; };
		D4EA35B92BBA1FF30074B8CC /* GameViewModel.swift */ = {isa = PBXFileReference; lastKnownFileType = sourcecode.swift; path = GameViewModel.swift; sourceTree = "<group>"; };
		D4EA35BB2BBA1FFB0074B8CC /* GameView.swift */ = {isa = PBXFileReference; lastKnownFileType = sourcecode.swift; path = GameView.swift; sourceTree = "<group>"; };
		D4EA35BD2BBA20090074B8CC /* GameWorker.swift */ = {isa = PBXFileReference; lastKnownFileType = sourcecode.swift; path = GameWorker.swift; sourceTree = "<group>"; };
		D4EA35C22BBB14060074B8CC /* Collaborators.swift */ = {isa = PBXFileReference; lastKnownFileType = sourcecode.swift; path = Collaborators.swift; sourceTree = "<group>"; };
/* End PBXFileReference section */

/* Begin PBXFrameworksBuildPhase section */
		D4D688102BB9F22A0023B852 /* Frameworks */ = {
			isa = PBXFrameworksBuildPhase;
			buildActionMask = 2147483647;
			files = (
				73A7897B4A8B0ED5643E58F6 /* Pods_theNameGame.framework in Frameworks */,
			);
			runOnlyForDeploymentPostprocessing = 0;
		};
		D4D688262BB9F22C0023B852 /* Frameworks */ = {
			isa = PBXFrameworksBuildPhase;
			buildActionMask = 2147483647;
			files = (
				6F629886759F7D8885CE3489 /* Pods_theNameGameTests.framework in Frameworks */,
			);
			runOnlyForDeploymentPostprocessing = 0;
		};
		D4D688302BB9F22D0023B852 /* Frameworks */ = {
			isa = PBXFrameworksBuildPhase;
			buildActionMask = 2147483647;
			files = (
				0EAA435E04D6A3039E30F6BB /* Pods_theNameGame_theNameGameUITests.framework in Frameworks */,
			);
			runOnlyForDeploymentPostprocessing = 0;
		};
/* End PBXFrameworksBuildPhase section */

/* Begin PBXGroup section */
		35A2DC6B091A61BA2A4FA9D5 /* Pods */ = {
			isa = PBXGroup;
			children = (
				0A83595E61124F10C1A3916D /* Pods-theNameGame.debug.xcconfig */,
				18F9FDE9836CC91095748FB1 /* Pods-theNameGame.release.xcconfig */,
				4398BC9FF69520932DED5780 /* Pods-theNameGame-theNameGameUITests.debug.xcconfig */,
				0780542D2C021A106C6CF832 /* Pods-theNameGame-theNameGameUITests.release.xcconfig */,
				5C23990DD1924DA2BD2BEF92 /* Pods-theNameGameTests.debug.xcconfig */,
				535CEF69EEEDDA73832ACF46 /* Pods-theNameGameTests.release.xcconfig */,
			);
			path = Pods;
			sourceTree = "<group>";
		};
		688A433A8559551A1EFAE488 /* Frameworks */ = {
			isa = PBXGroup;
			children = (
				0E5795C62C8C0BAF4053D25F /* Pods_theNameGame.framework */,
				B34EF5D150CD7934FC035412 /* Pods_theNameGame_theNameGameUITests.framework */,
				9656FDFF735F66622019BF1D /* Pods_theNameGameTests.framework */,
			);
			name = Frameworks;
			sourceTree = "<group>";
		};
		D4D6880A2BB9F22A0023B852 = {
			isa = PBXGroup;
			children = (
				D4D688152BB9F22A0023B852 /* theNameGame */,
				D4D6882C2BB9F22D0023B852 /* theNameGameTests */,
				D4D688362BB9F22D0023B852 /* theNameGameUITests */,
				D4D688142BB9F22A0023B852 /* Products */,
				35A2DC6B091A61BA2A4FA9D5 /* Pods */,
				688A433A8559551A1EFAE488 /* Frameworks */,
			);
			sourceTree = "<group>";
		};
		D4D688142BB9F22A0023B852 /* Products */ = {
			isa = PBXGroup;
			children = (
				D4D688132BB9F22A0023B852 /* theNameGame.app */,
				D4D688292BB9F22C0023B852 /* theNameGameTests.xctest */,
				D4D688332BB9F22D0023B852 /* theNameGameUITests.xctest */,
			);
			name = Products;
			sourceTree = "<group>";
		};
		D4D688152BB9F22A0023B852 /* theNameGame */ = {
			isa = PBXGroup;
			children = (
				D4D688162BB9F22A0023B852 /* AppDelegate.swift */,
				D4D688182BB9F22A0023B852 /* SceneDelegate.swift */,
				D4EA35B62BBA1FDB0074B8CC /* GameScreen */,
				D4D688462BB9F28C0023B852 /* HomeScreen */,
				D4D6881F2BB9F22C0023B852 /* Assets.xcassets */,
				D4D688212BB9F22C0023B852 /* LaunchScreen.storyboard */,
				D4D688242BB9F22C0023B852 /* Info.plist */,
			);
			path = theNameGame;
			sourceTree = "<group>";
		};
		D4D6882C2BB9F22D0023B852 /* theNameGameTests */ = {
			isa = PBXGroup;
			children = (
				D4D6882D2BB9F22D0023B852 /* theNameGameTests.swift */,
			);
			path = theNameGameTests;
			sourceTree = "<group>";
		};
		D4D688362BB9F22D0023B852 /* theNameGameUITests */ = {
			isa = PBXGroup;
			children = (
				D4D688372BB9F22D0023B852 /* theNameGameUITests.swift */,
				D4D688392BB9F22D0023B852 /* theNameGameUITestsLaunchTests.swift */,
			);
			path = theNameGameUITests;
			sourceTree = "<group>";
		};
		D4D688462BB9F28C0023B852 /* HomeScreen */ = {
			isa = PBXGroup;
			children = (
				D4D6881A2BB9F22A0023B852 /* HomeViewController.swift */,
				D4D688482BB9F2BC0023B852 /* HomeView.swift */,
			);
			path = HomeScreen;
			sourceTree = "<group>";
		};
		D4EA35B62BBA1FDB0074B8CC /* GameScreen */ = {
			isa = PBXGroup;
			children = (
				D4EA35C02BBB0F6D0074B8CC /* Models */,
				D4EA35B72BBA1FEB0074B8CC /* GameViewController.swift */,
				D4EA35B92BBA1FF30074B8CC /* GameViewModel.swift */,
				D4EA35BB2BBA1FFB0074B8CC /* GameView.swift */,
				D4EA35BD2BBA20090074B8CC /* GameWorker.swift */,
			);
			path = GameScreen;
			sourceTree = "<group>";
		};
		D4EA35C02BBB0F6D0074B8CC /* Models */ = {
			isa = PBXGroup;
			children = (
				D4EA35C22BBB14060074B8CC /* Collaborators.swift */,
			);
			path = Models;
			sourceTree = "<group>";
		};
/* End PBXGroup section */

/* Begin PBXNativeTarget section */
		D4D688122BB9F22A0023B852 /* theNameGame */ = {
			isa = PBXNativeTarget;
			buildConfigurationList = D4D6883D2BB9F22D0023B852 /* Build configuration list for PBXNativeTarget "theNameGame" */;
			buildPhases = (
				2A9140835546B33B53280B1F /* [CP] Check Pods Manifest.lock */,
				D4D6880F2BB9F22A0023B852 /* Sources */,
				D4D688102BB9F22A0023B852 /* Frameworks */,
				D4D688112BB9F22A0023B852 /* Resources */,
			);
			buildRules = (
			);
			dependencies = (
			);
			name = theNameGame;
			productName = theNameGame;
			productReference = D4D688132BB9F22A0023B852 /* theNameGame.app */;
			productType = "com.apple.product-type.application";
		};
		D4D688282BB9F22C0023B852 /* theNameGameTests */ = {
			isa = PBXNativeTarget;
			buildConfigurationList = D4D688402BB9F22D0023B852 /* Build configuration list for PBXNativeTarget "theNameGameTests" */;
			buildPhases = (
				D369D5E9E12A42AE7E212FDB /* [CP] Check Pods Manifest.lock */,
				D4D688252BB9F22C0023B852 /* Sources */,
				D4D688262BB9F22C0023B852 /* Frameworks */,
				D4D688272BB9F22C0023B852 /* Resources */,
			);
			buildRules = (
			);
			dependencies = (
				D4D6882B2BB9F22C0023B852 /* PBXTargetDependency */,
			);
			name = theNameGameTests;
			productName = theNameGameTests;
			productReference = D4D688292BB9F22C0023B852 /* theNameGameTests.xctest */;
			productType = "com.apple.product-type.bundle.unit-test";
		};
		D4D688322BB9F22D0023B852 /* theNameGameUITests */ = {
			isa = PBXNativeTarget;
			buildConfigurationList = D4D688432BB9F22D0023B852 /* Build configuration list for PBXNativeTarget "theNameGameUITests" */;
			buildPhases = (
				D33F91E0973CBE0394328DF1 /* [CP] Check Pods Manifest.lock */,
				D4D6882F2BB9F22D0023B852 /* Sources */,
				D4D688302BB9F22D0023B852 /* Frameworks */,
				D4D688312BB9F22D0023B852 /* Resources */,
			);
			buildRules = (
			);
			dependencies = (
				D4D688352BB9F22D0023B852 /* PBXTargetDependency */,
			);
			name = theNameGameUITests;
			productName = theNameGameUITests;
			productReference = D4D688332BB9F22D0023B852 /* theNameGameUITests.xctest */;
			productType = "com.apple.product-type.bundle.ui-testing";
		};
/* End PBXNativeTarget section */

/* Begin PBXProject section */
		D4D6880B2BB9F22A0023B852 /* Project object */ = {
			isa = PBXProject;
			attributes = {
				BuildIndependentTargetsInParallel = 1;
				LastSwiftUpdateCheck = 1530;
				LastUpgradeCheck = 1530;
				TargetAttributes = {
					D4D688122BB9F22A0023B852 = {
						CreatedOnToolsVersion = 15.3;
					};
					D4D688282BB9F22C0023B852 = {
						CreatedOnToolsVersion = 15.3;
						TestTargetID = D4D688122BB9F22A0023B852;
					};
					D4D688322BB9F22D0023B852 = {
						CreatedOnToolsVersion = 15.3;
						TestTargetID = D4D688122BB9F22A0023B852;
					};
				};
			};
			buildConfigurationList = D4D6880E2BB9F22A0023B852 /* Build configuration list for PBXProject "theNameGame" */;
			compatibilityVersion = "Xcode 14.0";
			developmentRegion = en;
			hasScannedForEncodings = 0;
			knownRegions = (
				en,
				Base,
			);
			mainGroup = D4D6880A2BB9F22A0023B852;
			productRefGroup = D4D688142BB9F22A0023B852 /* Products */;
			projectDirPath = "";
			projectRoot = "";
			targets = (
				D4D688122BB9F22A0023B852 /* theNameGame */,
				D4D688282BB9F22C0023B852 /* theNameGameTests */,
				D4D688322BB9F22D0023B852 /* theNameGameUITests */,
			);
		};
/* End PBXProject section */

/* Begin PBXResourcesBuildPhase section */
		D4D688112BB9F22A0023B852 /* Resources */ = {
			isa = PBXResourcesBuildPhase;
			buildActionMask = 2147483647;
			files = (
				D4D688202BB9F22C0023B852 /* Assets.xcassets in Resources */,
				D4D688232BB9F22C0023B852 /* Base in Resources */,
			);
			runOnlyForDeploymentPostprocessing = 0;
		};
		D4D688272BB9F22C0023B852 /* Resources */ = {
			isa = PBXResourcesBuildPhase;
			buildActionMask = 2147483647;
			files = (
			);
			runOnlyForDeploymentPostprocessing = 0;
		};
		D4D688312BB9F22D0023B852 /* Resources */ = {
			isa = PBXResourcesBuildPhase;
			buildActionMask = 2147483647;
			files = (
			);
			runOnlyForDeploymentPostprocessing = 0;
		};
/* End PBXResourcesBuildPhase section */

/* Begin PBXShellScriptBuildPhase section */
		2A9140835546B33B53280B1F /* [CP] Check Pods Manifest.lock */ = {
			isa = PBXShellScriptBuildPhase;
			buildActionMask = 2147483647;
			files = (
			);
			inputFileListPaths = (
			);
			inputPaths = (
				"${PODS_PODFILE_DIR_PATH}/Podfile.lock",
				"${PODS_ROOT}/Manifest.lock",
			);
			name = "[CP] Check Pods Manifest.lock";
			outputFileListPaths = (
			);
			outputPaths = (
				"$(DERIVED_FILE_DIR)/Pods-theNameGame-checkManifestLockResult.txt",
			);
			runOnlyForDeploymentPostprocessing = 0;
			shellPath = /bin/sh;
			shellScript = "diff \"${PODS_PODFILE_DIR_PATH}/Podfile.lock\" \"${PODS_ROOT}/Manifest.lock\" > /dev/null\nif [ $? != 0 ] ; then\n    # print error to STDERR\n    echo \"error: The sandbox is not in sync with the Podfile.lock. Run 'pod install' or update your CocoaPods installation.\" >&2\n    exit 1\nfi\n# This output is used by Xcode 'outputs' to avoid re-running this script phase.\necho \"SUCCESS\" > \"${SCRIPT_OUTPUT_FILE_0}\"\n";
			showEnvVarsInLog = 0;
		};
		D33F91E0973CBE0394328DF1 /* [CP] Check Pods Manifest.lock */ = {
			isa = PBXShellScriptBuildPhase;
			buildActionMask = 2147483647;
			files = (
			);
			inputFileListPaths = (
			);
			inputPaths = (
				"${PODS_PODFILE_DIR_PATH}/Podfile.lock",
				"${PODS_ROOT}/Manifest.lock",
			);
			name = "[CP] Check Pods Manifest.lock";
			outputFileListPaths = (
			);
			outputPaths = (
				"$(DERIVED_FILE_DIR)/Pods-theNameGame-theNameGameUITests-checkManifestLockResult.txt",
			);
			runOnlyForDeploymentPostprocessing = 0;
			shellPath = /bin/sh;
			shellScript = "diff \"${PODS_PODFILE_DIR_PATH}/Podfile.lock\" \"${PODS_ROOT}/Manifest.lock\" > /dev/null\nif [ $? != 0 ] ; then\n    # print error to STDERR\n    echo \"error: The sandbox is not in sync with the Podfile.lock. Run 'pod install' or update your CocoaPods installation.\" >&2\n    exit 1\nfi\n# This output is used by Xcode 'outputs' to avoid re-running this script phase.\necho \"SUCCESS\" > \"${SCRIPT_OUTPUT_FILE_0}\"\n";
			showEnvVarsInLog = 0;
		};
		D369D5E9E12A42AE7E212FDB /* [CP] Check Pods Manifest.lock */ = {
			isa = PBXShellScriptBuildPhase;
			buildActionMask = 2147483647;
			files = (
			);
			inputFileListPaths = (
			);
			inputPaths = (
				"${PODS_PODFILE_DIR_PATH}/Podfile.lock",
				"${PODS_ROOT}/Manifest.lock",
			);
			name = "[CP] Check Pods Manifest.lock";
			outputFileListPaths = (
			);
			outputPaths = (
				"$(DERIVED_FILE_DIR)/Pods-theNameGameTests-checkManifestLockResult.txt",
			);
			runOnlyForDeploymentPostprocessing = 0;
			shellPath = /bin/sh;
			shellScript = "diff \"${PODS_PODFILE_DIR_PATH}/Podfile.lock\" \"${PODS_ROOT}/Manifest.lock\" > /dev/null\nif [ $? != 0 ] ; then\n    # print error to STDERR\n    echo \"error: The sandbox is not in sync with the Podfile.lock. Run 'pod install' or update your CocoaPods installation.\" >&2\n    exit 1\nfi\n# This output is used by Xcode 'outputs' to avoid re-running this script phase.\necho \"SUCCESS\" > \"${SCRIPT_OUTPUT_FILE_0}\"\n";
			showEnvVarsInLog = 0;
		};
/* End PBXShellScriptBuildPhase section */

/* Begin PBXSourcesBuildPhase section */
		D4D6880F2BB9F22A0023B852 /* Sources */ = {
			isa = PBXSourcesBuildPhase;
			buildActionMask = 2147483647;
			files = (
				D4EA35BA2BBA1FF30074B8CC /* GameViewModel.swift in Sources */,
				D4EA35B82BBA1FEB0074B8CC /* GameViewController.swift in Sources */,
				D4EA35BC2BBA1FFC0074B8CC /* GameView.swift in Sources */,
				D4D6881B2BB9F22A0023B852 /* HomeViewController.swift in Sources */,
				D4D688492BB9F2BC0023B852 /* HomeView.swift in Sources */,
				D4D688172BB9F22A0023B852 /* AppDelegate.swift in Sources */,
				D4D688192BB9F22A0023B852 /* SceneDelegate.swift in Sources */,
				D4EA35C32BBB14060074B8CC /* Collaborators.swift in Sources */,
				D4EA35BE2BBA20090074B8CC /* GameWorker.swift in Sources */,
			);
			runOnlyForDeploymentPostprocessing = 0;
		};
		D4D688252BB9F22C0023B852 /* Sources */ = {
			isa = PBXSourcesBuildPhase;
			buildActionMask = 2147483647;
			files = (
				D4D6882E2BB9F22D0023B852 /* theNameGameTests.swift in Sources */,
			);
			runOnlyForDeploymentPostprocessing = 0;
		};
		D4D6882F2BB9F22D0023B852 /* Sources */ = {
			isa = PBXSourcesBuildPhase;
			buildActionMask = 2147483647;
			files = (
				D4D688382BB9F22D0023B852 /* theNameGameUITests.swift in Sources */,
				D4D6883A2BB9F22D0023B852 /* theNameGameUITestsLaunchTests.swift in Sources */,
			);
			runOnlyForDeploymentPostprocessing = 0;
		};
/* End PBXSourcesBuildPhase section */

/* Begin PBXTargetDependency section */
		D4D6882B2BB9F22C0023B852 /* PBXTargetDependency */ = {
			isa = PBXTargetDependency;
			target = D4D688122BB9F22A0023B852 /* theNameGame */;
			targetProxy = D4D6882A2BB9F22C0023B852 /* PBXContainerItemProxy */;
		};
		D4D688352BB9F22D0023B852 /* PBXTargetDependency */ = {
			isa = PBXTargetDependency;
			target = D4D688122BB9F22A0023B852 /* theNameGame */;
			targetProxy = D4D688342BB9F22D0023B852 /* PBXContainerItemProxy */;
		};
/* End PBXTargetDependency section */

/* Begin PBXVariantGroup section */
		D4D688212BB9F22C0023B852 /* LaunchScreen.storyboard */ = {
			isa = PBXVariantGroup;
			children = (
				D4D688222BB9F22C0023B852 /* Base */,
			);
			name = LaunchScreen.storyboard;
			sourceTree = "<group>";
		};
/* End PBXVariantGroup section */

/* Begin XCBuildConfiguration section */
		D4D6883B2BB9F22D0023B852 /* Debug */ = {
			isa = XCBuildConfiguration;
			buildSettings = {
				ALWAYS_SEARCH_USER_PATHS = NO;
				ASSETCATALOG_COMPILER_GENERATE_SWIFT_ASSET_SYMBOL_EXTENSIONS = YES;
				CLANG_ANALYZER_NONNULL = YES;
				CLANG_ANALYZER_NUMBER_OBJECT_CONVERSION = YES_AGGRESSIVE;
				CLANG_CXX_LANGUAGE_STANDARD = "gnu++20";
				CLANG_ENABLE_MODULES = YES;
				CLANG_ENABLE_OBJC_ARC = YES;
				CLANG_ENABLE_OBJC_WEAK = YES;
				CLANG_WARN_BLOCK_CAPTURE_AUTORELEASING = YES;
				CLANG_WARN_BOOL_CONVERSION = YES;
				CLANG_WARN_COMMA = YES;
				CLANG_WARN_CONSTANT_CONVERSION = YES;
				CLANG_WARN_DEPRECATED_OBJC_IMPLEMENTATIONS = YES;
				CLANG_WARN_DIRECT_OBJC_ISA_USAGE = YES_ERROR;
				CLANG_WARN_DOCUMENTATION_COMMENTS = YES;
				CLANG_WARN_EMPTY_BODY = YES;
				CLANG_WARN_ENUM_CONVERSION = YES;
				CLANG_WARN_INFINITE_RECURSION = YES;
				CLANG_WARN_INT_CONVERSION = YES;
				CLANG_WARN_NON_LITERAL_NULL_CONVERSION = YES;
				CLANG_WARN_OBJC_IMPLICIT_RETAIN_SELF = YES;
				CLANG_WARN_OBJC_LITERAL_CONVERSION = YES;
				CLANG_WARN_OBJC_ROOT_CLASS = YES_ERROR;
				CLANG_WARN_QUOTED_INCLUDE_IN_FRAMEWORK_HEADER = YES;
				CLANG_WARN_RANGE_LOOP_ANALYSIS = YES;
				CLANG_WARN_STRICT_PROTOTYPES = YES;
				CLANG_WARN_SUSPICIOUS_MOVE = YES;
				CLANG_WARN_UNGUARDED_AVAILABILITY = YES_AGGRESSIVE;
				CLANG_WARN_UNREACHABLE_CODE = YES;
				CLANG_WARN__DUPLICATE_METHOD_MATCH = YES;
				COPY_PHASE_STRIP = NO;
				DEBUG_INFORMATION_FORMAT = dwarf;
				ENABLE_STRICT_OBJC_MSGSEND = YES;
				ENABLE_TESTABILITY = YES;
				ENABLE_USER_SCRIPT_SANDBOXING = YES;
				GCC_C_LANGUAGE_STANDARD = gnu17;
				GCC_DYNAMIC_NO_PIC = NO;
				GCC_NO_COMMON_BLOCKS = YES;
				GCC_OPTIMIZATION_LEVEL = 0;
				GCC_PREPROCESSOR_DEFINITIONS = (
					"DEBUG=1",
					"$(inherited)",
				);
				GCC_WARN_64_TO_32_BIT_CONVERSION = YES;
				GCC_WARN_ABOUT_RETURN_TYPE = YES_ERROR;
				GCC_WARN_UNDECLARED_SELECTOR = YES;
				GCC_WARN_UNINITIALIZED_AUTOS = YES_AGGRESSIVE;
				GCC_WARN_UNUSED_FUNCTION = YES;
				GCC_WARN_UNUSED_VARIABLE = YES;
				IPHONEOS_DEPLOYMENT_TARGET = 17.4;
				LOCALIZATION_PREFERS_STRING_CATALOGS = YES;
				MTL_ENABLE_DEBUG_INFO = INCLUDE_SOURCE;
				MTL_FAST_MATH = YES;
				ONLY_ACTIVE_ARCH = YES;
				SDKROOT = iphoneos;
				SWIFT_ACTIVE_COMPILATION_CONDITIONS = "DEBUG $(inherited)";
				SWIFT_OPTIMIZATION_LEVEL = "-Onone";
			};
			name = Debug;
		};
		D4D6883C2BB9F22D0023B852 /* Release */ = {
			isa = XCBuildConfiguration;
			buildSettings = {
				ALWAYS_SEARCH_USER_PATHS = NO;
				ASSETCATALOG_COMPILER_GENERATE_SWIFT_ASSET_SYMBOL_EXTENSIONS = YES;
				CLANG_ANALYZER_NONNULL = YES;
				CLANG_ANALYZER_NUMBER_OBJECT_CONVERSION = YES_AGGRESSIVE;
				CLANG_CXX_LANGUAGE_STANDARD = "gnu++20";
				CLANG_ENABLE_MODULES = YES;
				CLANG_ENABLE_OBJC_ARC = YES;
				CLANG_ENABLE_OBJC_WEAK = YES;
				CLANG_WARN_BLOCK_CAPTURE_AUTORELEASING = YES;
				CLANG_WARN_BOOL_CONVERSION = YES;
				CLANG_WARN_COMMA = YES;
				CLANG_WARN_CONSTANT_CONVERSION = YES;
				CLANG_WARN_DEPRECATED_OBJC_IMPLEMENTATIONS = YES;
				CLANG_WARN_DIRECT_OBJC_ISA_USAGE = YES_ERROR;
				CLANG_WARN_DOCUMENTATION_COMMENTS = YES;
				CLANG_WARN_EMPTY_BODY = YES;
				CLANG_WARN_ENUM_CONVERSION = YES;
				CLANG_WARN_INFINITE_RECURSION = YES;
				CLANG_WARN_INT_CONVERSION = YES;
				CLANG_WARN_NON_LITERAL_NULL_CONVERSION = YES;
				CLANG_WARN_OBJC_IMPLICIT_RETAIN_SELF = YES;
				CLANG_WARN_OBJC_LITERAL_CONVERSION = YES;
				CLANG_WARN_OBJC_ROOT_CLASS = YES_ERROR;
				CLANG_WARN_QUOTED_INCLUDE_IN_FRAMEWORK_HEADER = YES;
				CLANG_WARN_RANGE_LOOP_ANALYSIS = YES;
				CLANG_WARN_STRICT_PROTOTYPES = YES;
				CLANG_WARN_SUSPICIOUS_MOVE = YES;
				CLANG_WARN_UNGUARDED_AVAILABILITY = YES_AGGRESSIVE;
				CLANG_WARN_UNREACHABLE_CODE = YES;
				CLANG_WARN__DUPLICATE_METHOD_MATCH = YES;
				COPY_PHASE_STRIP = NO;
				DEBUG_INFORMATION_FORMAT = "dwarf-with-dsym";
				ENABLE_NS_ASSERTIONS = NO;
				ENABLE_STRICT_OBJC_MSGSEND = YES;
				ENABLE_USER_SCRIPT_SANDBOXING = YES;
				GCC_C_LANGUAGE_STANDARD = gnu17;
				GCC_NO_COMMON_BLOCKS = YES;
				GCC_WARN_64_TO_32_BIT_CONVERSION = YES;
				GCC_WARN_ABOUT_RETURN_TYPE = YES_ERROR;
				GCC_WARN_UNDECLARED_SELECTOR = YES;
				GCC_WARN_UNINITIALIZED_AUTOS = YES_AGGRESSIVE;
				GCC_WARN_UNUSED_FUNCTION = YES;
				GCC_WARN_UNUSED_VARIABLE = YES;
				IPHONEOS_DEPLOYMENT_TARGET = 17.4;
				LOCALIZATION_PREFERS_STRING_CATALOGS = YES;
				MTL_ENABLE_DEBUG_INFO = NO;
				MTL_FAST_MATH = YES;
				SDKROOT = iphoneos;
				SWIFT_COMPILATION_MODE = wholemodule;
				VALIDATE_PRODUCT = YES;
			};
			name = Release;
		};
		D4D6883E2BB9F22D0023B852 /* Debug */ = {
			isa = XCBuildConfiguration;
			baseConfigurationReference = 0A83595E61124F10C1A3916D /* Pods-theNameGame.debug.xcconfig */;
			buildSettings = {
				ASSETCATALOG_COMPILER_APPICON_NAME = AppIcon;
				ASSETCATALOG_COMPILER_GLOBAL_ACCENT_COLOR_NAME = AccentColor;
				CODE_SIGN_STYLE = Automatic;
				CURRENT_PROJECT_VERSION = 1;
				DEVELOPMENT_TEAM = 57FP5VWA2N;
				GENERATE_INFOPLIST_FILE = YES;
				INFOPLIST_FILE = theNameGame/Info.plist;
				INFOPLIST_KEY_UIApplicationSupportsIndirectInputEvents = YES;
				INFOPLIST_KEY_UILaunchStoryboardName = LaunchScreen;
				INFOPLIST_KEY_UIMainStoryboardFile = "";
				INFOPLIST_KEY_UISupportedInterfaceOrientations_iPad = "UIInterfaceOrientationPortrait UIInterfaceOrientationPortraitUpsideDown UIInterfaceOrientationLandscapeLeft UIInterfaceOrientationLandscapeRight";
				INFOPLIST_KEY_UISupportedInterfaceOrientations_iPhone = "UIInterfaceOrientationPortrait UIInterfaceOrientationLandscapeLeft UIInterfaceOrientationLandscapeRight";
				LD_RUNPATH_SEARCH_PATHS = (
					"$(inherited)",
					"@executable_path/Frameworks",
				);
				MARKETING_VERSION = 1.0;
				PRODUCT_BUNDLE_IDENTIFIER = lara.tenore.theNameGame;
				PRODUCT_NAME = "$(TARGET_NAME)";
				SWIFT_EMIT_LOC_STRINGS = YES;
				SWIFT_VERSION = 5.0;
				TARGETED_DEVICE_FAMILY = "1,2";
			};
			name = Debug;
		};
		D4D6883F2BB9F22D0023B852 /* Release */ = {
			isa = XCBuildConfiguration;
			baseConfigurationReference = 18F9FDE9836CC91095748FB1 /* Pods-theNameGame.release.xcconfig */;
			buildSettings = {
				ASSETCATALOG_COMPILER_APPICON_NAME = AppIcon;
				ASSETCATALOG_COMPILER_GLOBAL_ACCENT_COLOR_NAME = AccentColor;
				CODE_SIGN_STYLE = Automatic;
				CURRENT_PROJECT_VERSION = 1;
				DEVELOPMENT_TEAM = 57FP5VWA2N;
				GENERATE_INFOPLIST_FILE = YES;
				INFOPLIST_FILE = theNameGame/Info.plist;
				INFOPLIST_KEY_UIApplicationSupportsIndirectInputEvents = YES;
				INFOPLIST_KEY_UILaunchStoryboardName = LaunchScreen;
				INFOPLIST_KEY_UIMainStoryboardFile = "";
				INFOPLIST_KEY_UISupportedInterfaceOrientations_iPad = "UIInterfaceOrientationPortrait UIInterfaceOrientationPortraitUpsideDown UIInterfaceOrientationLandscapeLeft UIInterfaceOrientationLandscapeRight";
				INFOPLIST_KEY_UISupportedInterfaceOrientations_iPhone = "UIInterfaceOrientationPortrait UIInterfaceOrientationLandscapeLeft UIInterfaceOrientationLandscapeRight";
				LD_RUNPATH_SEARCH_PATHS = (
					"$(inherited)",
					"@executable_path/Frameworks",
				);
				MARKETING_VERSION = 1.0;
				PRODUCT_BUNDLE_IDENTIFIER = lara.tenore.theNameGame;
				PRODUCT_NAME = "$(TARGET_NAME)";
				SWIFT_EMIT_LOC_STRINGS = YES;
				SWIFT_VERSION = 5.0;
				TARGETED_DEVICE_FAMILY = "1,2";
			};
			name = Release;
		};
		D4D688412BB9F22D0023B852 /* Debug */ = {
			isa = XCBuildConfiguration;
			baseConfigurationReference = 5C23990DD1924DA2BD2BEF92 /* Pods-theNameGameTests.debug.xcconfig */;
			buildSettings = {
				ALWAYS_EMBED_SWIFT_STANDARD_LIBRARIES = YES;
				BUNDLE_LOADER = "$(TEST_HOST)";
				CODE_SIGN_STYLE = Automatic;
				CURRENT_PROJECT_VERSION = 1;
				DEVELOPMENT_TEAM = 57FP5VWA2N;
				GENERATE_INFOPLIST_FILE = YES;
				IPHONEOS_DEPLOYMENT_TARGET = 17.4;
				MARKETING_VERSION = 1.0;
				PRODUCT_BUNDLE_IDENTIFIER = lara.tenore.theNameGameTests;
				PRODUCT_NAME = "$(TARGET_NAME)";
				SWIFT_EMIT_LOC_STRINGS = NO;
				SWIFT_VERSION = 5.0;
				TARGETED_DEVICE_FAMILY = "1,2";
				TEST_HOST = "$(BUILT_PRODUCTS_DIR)/theNameGame.app/$(BUNDLE_EXECUTABLE_FOLDER_PATH)/theNameGame";
			};
			name = Debug;
		};
		D4D688422BB9F22D0023B852 /* Release */ = {
			isa = XCBuildConfiguration;
			baseConfigurationReference = 535CEF69EEEDDA73832ACF46 /* Pods-theNameGameTests.release.xcconfig */;
			buildSettings = {
				ALWAYS_EMBED_SWIFT_STANDARD_LIBRARIES = YES;
				BUNDLE_LOADER = "$(TEST_HOST)";
				CODE_SIGN_STYLE = Automatic;
				CURRENT_PROJECT_VERSION = 1;
				DEVELOPMENT_TEAM = 57FP5VWA2N;
				GENERATE_INFOPLIST_FILE = YES;
				IPHONEOS_DEPLOYMENT_TARGET = 17.4;
				MARKETING_VERSION = 1.0;
				PRODUCT_BUNDLE_IDENTIFIER = lara.tenore.theNameGameTests;
				PRODUCT_NAME = "$(TARGET_NAME)";
				SWIFT_EMIT_LOC_STRINGS = NO;
				SWIFT_VERSION = 5.0;
				TARGETED_DEVICE_FAMILY = "1,2";
				TEST_HOST = "$(BUILT_PRODUCTS_DIR)/theNameGame.app/$(BUNDLE_EXECUTABLE_FOLDER_PATH)/theNameGame";
			};
			name = Release;
		};
		D4D688442BB9F22D0023B852 /* Debug */ = {
			isa = XCBuildConfiguration;
			baseConfigurationReference = 4398BC9FF69520932DED5780 /* Pods-theNameGame-theNameGameUITests.debug.xcconfig */;
			buildSettings = {
				ALWAYS_EMBED_SWIFT_STANDARD_LIBRARIES = YES;
				CODE_SIGN_STYLE = Automatic;
				CURRENT_PROJECT_VERSION = 1;
				DEVELOPMENT_TEAM = 57FP5VWA2N;
				GENERATE_INFOPLIST_FILE = YES;
				MARKETING_VERSION = 1.0;
				PRODUCT_BUNDLE_IDENTIFIER = lara.tenore.theNameGameUITests;
				PRODUCT_NAME = "$(TARGET_NAME)";
				SWIFT_EMIT_LOC_STRINGS = NO;
				SWIFT_VERSION = 5.0;
				TARGETED_DEVICE_FAMILY = "1,2";
				TEST_TARGET_NAME = theNameGame;
			};
			name = Debug;
		};
		D4D688452BB9F22D0023B852 /* Release */ = {
			isa = XCBuildConfiguration;
			baseConfigurationReference = 0780542D2C021A106C6CF832 /* Pods-theNameGame-theNameGameUITests.release.xcconfig */;
			buildSettings = {
				ALWAYS_EMBED_SWIFT_STANDARD_LIBRARIES = YES;
				CODE_SIGN_STYLE = Automatic;
				CURRENT_PROJECT_VERSION = 1;
				DEVELOPMENT_TEAM = 57FP5VWA2N;
				GENERATE_INFOPLIST_FILE = YES;
				MARKETING_VERSION = 1.0;
				PRODUCT_BUNDLE_IDENTIFIER = lara.tenore.theNameGameUITests;
				PRODUCT_NAME = "$(TARGET_NAME)";
				SWIFT_EMIT_LOC_STRINGS = NO;
				SWIFT_VERSION = 5.0;
				TARGETED_DEVICE_FAMILY = "1,2";
				TEST_TARGET_NAME = theNameGame;
			};
			name = Release;
		};
/* End XCBuildConfiguration section */

/* Begin XCConfigurationList section */
		D4D6880E2BB9F22A0023B852 /* Build configuration list for PBXProject "theNameGame" */ = {
			isa = XCConfigurationList;
			buildConfigurations = (
				D4D6883B2BB9F22D0023B852 /* Debug */,
				D4D6883C2BB9F22D0023B852 /* Release */,
			);
			defaultConfigurationIsVisible = 0;
			defaultConfigurationName = Release;
		};
		D4D6883D2BB9F22D0023B852 /* Build configuration list for PBXNativeTarget "theNameGame" */ = {
			isa = XCConfigurationList;
			buildConfigurations = (
				D4D6883E2BB9F22D0023B852 /* Debug */,
				D4D6883F2BB9F22D0023B852 /* Release */,
			);
			defaultConfigurationIsVisible = 0;
			defaultConfigurationName = Release;
		};
		D4D688402BB9F22D0023B852 /* Build configuration list for PBXNativeTarget "theNameGameTests" */ = {
			isa = XCConfigurationList;
			buildConfigurations = (
				D4D688412BB9F22D0023B852 /* Debug */,
				D4D688422BB9F22D0023B852 /* Release */,
			);
			defaultConfigurationIsVisible = 0;
			defaultConfigurationName = Release;
		};
		D4D688432BB9F22D0023B852 /* Build configuration list for PBXNativeTarget "theNameGameUITests" */ = {
			isa = XCConfigurationList;
			buildConfigurations = (
				D4D688442BB9F22D0023B852 /* Debug */,
				D4D688452BB9F22D0023B852 /* Release */,
			);
			defaultConfigurationIsVisible = 0;
			defaultConfigurationName = Release;
		};
/* End XCConfigurationList section */
	};
	rootObject = D4D6880B2BB9F22A0023B852 /* Project object */;
}
